// !$*UTF8*$!
{
	archiveVersion = 1;
	classes = {
	};
	objectVersion = 46;
	objects = {

/* Begin PBXBuildFile section */
		59104F191B069EAB00AE00B2 /* DateTime.swift in Sources */ = {isa = PBXBuildFile; fileRef = 59104F181B069EAB00AE00B2 /* DateTime.swift */; };
		591F4DCF1B1982B10022B675 /* listButton.png in Resources */ = {isa = PBXBuildFile; fileRef = 591F4DC61B1982B10022B675 /* listButton.png */; };
		591F4DD01B1982B10022B675 /* listButton@2x.png in Resources */ = {isa = PBXBuildFile; fileRef = 591F4DC71B1982B10022B675 /* listButton@2x.png */; };
		591F4DD11B1982B10022B675 /* listButton@3x.png in Resources */ = {isa = PBXBuildFile; fileRef = 591F4DC81B1982B10022B675 /* listButton@3x.png */; };
		591F4DD21B1982B10022B675 /* mapButton.png in Resources */ = {isa = PBXBuildFile; fileRef = 591F4DC91B1982B10022B675 /* mapButton.png */; };
		591F4DD31B1982B10022B675 /* mapButton@2x.png in Resources */ = {isa = PBXBuildFile; fileRef = 591F4DCA1B1982B10022B675 /* mapButton@2x.png */; };
		591F4DD41B1982B10022B675 /* mapButton@3x.png in Resources */ = {isa = PBXBuildFile; fileRef = 591F4DCB1B1982B10022B675 /* mapButton@3x.png */; };
		591F4DD51B1982B10022B675 /* profileButton.png in Resources */ = {isa = PBXBuildFile; fileRef = 591F4DCC1B1982B10022B675 /* profileButton.png */; };
		591F4DD61B1982B10022B675 /* profileButton@2x.png in Resources */ = {isa = PBXBuildFile; fileRef = 591F4DCD1B1982B10022B675 /* profileButton@2x.png */; };
		591F4DD71B1982B10022B675 /* profileButton@3x.png in Resources */ = {isa = PBXBuildFile; fileRef = 591F4DCE1B1982B10022B675 /* profileButton@3x.png */; };
		591F4DD91B1986CF0022B675 /* loginView.swift in Sources */ = {isa = PBXBuildFile; fileRef = 591F4DD81B1986CF0022B675 /* loginView.swift */; };
		591F4DDB1B1990760022B675 /* profileView.swift in Sources */ = {isa = PBXBuildFile; fileRef = 591F4DDA1B1990760022B675 /* profileView.swift */; };
		59ED426C1B069AF500B23B9C /* Database.swift in Sources */ = {isa = PBXBuildFile; fileRef = 59ED426B1B069AF500B23B9C /* Database.swift */; };
		AD0799271B1A20EA001211D3 /* mainTabView.swift in Sources */ = {isa = PBXBuildFile; fileRef = AD0799261B1A20EA001211D3 /* mainTabView.swift */; };
		ADD6D7291AF98C4C00A67045 /* mapView.swift in Sources */ = {isa = PBXBuildFile; fileRef = ADD6D7281AF98C4C00A67045 /* mapView.swift */; };
		FC64B4ED1B1A711C003135AD /* EventDetailViewController.swift in Sources */ = {isa = PBXBuildFile; fileRef = FC64B4EC1B1A711C003135AD /* EventDetailViewController.swift */; };
		FC92C6851B17DE8800B0B2CE /* CreateEventViewController.swift in Sources */ = {isa = PBXBuildFile; fileRef = FC92C6841B17DE8800B0B2CE /* CreateEventViewController.swift */; };
		FCD127111B0D5F4500C366B0 /* EventTableTableViewController.swift in Sources */ = {isa = PBXBuildFile; fileRef = FCD127101B0D5F4500C366B0 /* EventTableTableViewController.swift */; };
		FCD44E6A1AF88AC200F18D35 /* AppDelegate.swift in Sources */ = {isa = PBXBuildFile; fileRef = FCD44E691AF88AC200F18D35 /* AppDelegate.swift */; };
		FCD44E6C1AF88AC200F18D35 /* ViewController.swift in Sources */ = {isa = PBXBuildFile; fileRef = FCD44E6B1AF88AC200F18D35 /* ViewController.swift */; };
		FCD44E6F1AF88AC200F18D35 /* Main.storyboard in Resources */ = {isa = PBXBuildFile; fileRef = FCD44E6D1AF88AC200F18D35 /* Main.storyboard */; };
		FCD44E711AF88AC200F18D35 /* Images.xcassets in Resources */ = {isa = PBXBuildFile; fileRef = FCD44E701AF88AC200F18D35 /* Images.xcassets */; };
		FCD44E741AF88AC200F18D35 /* LaunchScreen.xib in Resources */ = {isa = PBXBuildFile; fileRef = FCD44E721AF88AC200F18D35 /* LaunchScreen.xib */; };
		FCD44E801AF88AC200F18D35 /* EventHandlerTests.swift in Sources */ = {isa = PBXBuildFile; fileRef = FCD44E7F1AF88AC200F18D35 /* EventHandlerTests.swift */; };
		FCD44E8A1AF88C0E00F18D35 /* User.swift in Sources */ = {isa = PBXBuildFile; fileRef = FCD44E891AF88C0E00F18D35 /* User.swift */; };
		FCD44E901AF8903D00F18D35 /* Location.swift in Sources */ = {isa = PBXBuildFile; fileRef = FCD44E8F1AF8903D00F18D35 /* Location.swift */; };
		FCD44E921AF8964400F18D35 /* Event.swift in Sources */ = {isa = PBXBuildFile; fileRef = FCD44E911AF8964400F18D35 /* Event.swift */; };
		FCD44E941AFC2F1E00F18D35 /* Map.swift in Sources */ = {isa = PBXBuildFile; fileRef = FCD44E931AFC2F1E00F18D35 /* Map.swift */; };
		FCD44E961AFC8E0E00F18D35 /* Forum.swift in Sources */ = {isa = PBXBuildFile; fileRef = FCD44E951AFC8E0E00F18D35 /* Forum.swift */; };
		FCD44E981AFC901400F18D35 /* Comment.swift in Sources */ = {isa = PBXBuildFile; fileRef = FCD44E971AFC901400F18D35 /* Comment.swift */; };
/* End PBXBuildFile section */

/* Begin PBXContainerItemProxy section */
		FCD44E7A1AF88AC200F18D35 /* PBXContainerItemProxy */ = {
			isa = PBXContainerItemProxy;
			containerPortal = FCD44E5C1AF88AC200F18D35 /* Project object */;
			proxyType = 1;
			remoteGlobalIDString = FCD44E631AF88AC200F18D35;
			remoteInfo = EventHandler;
		};
/* End PBXContainerItemProxy section */

/* Begin PBXFileReference section */
		59104F181B069EAB00AE00B2 /* DateTime.swift */ = {isa = PBXFileReference; fileEncoding = 4; lastKnownFileType = sourcecode.swift; path = DateTime.swift; sourceTree = "<group>"; };
		591F4DC61B1982B10022B675 /* listButton.png */ = {isa = PBXFileReference; lastKnownFileType = image.png; path = listButton.png; sourceTree = "<group>"; };
		591F4DC71B1982B10022B675 /* listButton@2x.png */ = {isa = PBXFileReference; lastKnownFileType = image.png; path = "listButton@2x.png"; sourceTree = "<group>"; };
		591F4DC81B1982B10022B675 /* listButton@3x.png */ = {isa = PBXFileReference; lastKnownFileType = image.png; path = "listButton@3x.png"; sourceTree = "<group>"; };
		591F4DC91B1982B10022B675 /* mapButton.png */ = {isa = PBXFileReference; lastKnownFileType = image.png; path = mapButton.png; sourceTree = "<group>"; };
		591F4DCA1B1982B10022B675 /* mapButton@2x.png */ = {isa = PBXFileReference; lastKnownFileType = image.png; path = "mapButton@2x.png"; sourceTree = "<group>"; };
		591F4DCB1B1982B10022B675 /* mapButton@3x.png */ = {isa = PBXFileReference; lastKnownFileType = image.png; path = "mapButton@3x.png"; sourceTree = "<group>"; };
		591F4DCC1B1982B10022B675 /* profileButton.png */ = {isa = PBXFileReference; lastKnownFileType = image.png; path = profileButton.png; sourceTree = "<group>"; };
		591F4DCD1B1982B10022B675 /* profileButton@2x.png */ = {isa = PBXFileReference; lastKnownFileType = image.png; path = "profileButton@2x.png"; sourceTree = "<group>"; };
		591F4DCE1B1982B10022B675 /* profileButton@3x.png */ = {isa = PBXFileReference; lastKnownFileType = image.png; path = "profileButton@3x.png"; sourceTree = "<group>"; };
		591F4DD81B1986CF0022B675 /* loginView.swift */ = {isa = PBXFileReference; fileEncoding = 4; lastKnownFileType = sourcecode.swift; path = loginView.swift; sourceTree = "<group>"; };
		591F4DDA1B1990760022B675 /* profileView.swift */ = {isa = PBXFileReference; fileEncoding = 4; lastKnownFileType = sourcecode.swift; path = profileView.swift; sourceTree = "<group>"; };
		59ED426B1B069AF500B23B9C /* Database.swift */ = {isa = PBXFileReference; fileEncoding = 4; lastKnownFileType = sourcecode.swift; path = Database.swift; sourceTree = "<group>"; };
		AD0799261B1A20EA001211D3 /* mainTabView.swift */ = {isa = PBXFileReference; fileEncoding = 4; lastKnownFileType = sourcecode.swift; name = mainTabView.swift; path = ../mainTabView.swift; sourceTree = "<group>"; };
		ADD6D7281AF98C4C00A67045 /* mapView.swift */ = {isa = PBXFileReference; fileEncoding = 4; lastKnownFileType = sourcecode.swift; path = mapView.swift; sourceTree = "<group>"; };
		FC64B4EC1B1A711C003135AD /* EventDetailViewController.swift */ = {isa = PBXFileReference; fileEncoding = 4; lastKnownFileType = sourcecode.swift; path = EventDetailViewController.swift; sourceTree = "<group>"; };
		FC92C6841B17DE8800B0B2CE /* CreateEventViewController.swift */ = {isa = PBXFileReference; fileEncoding = 4; lastKnownFileType = sourcecode.swift; path = CreateEventViewController.swift; sourceTree = "<group>"; };
		FCD127101B0D5F4500C366B0 /* EventTableTableViewController.swift */ = {isa = PBXFileReference; fileEncoding = 4; lastKnownFileType = sourcecode.swift; path = EventTableTableViewController.swift; sourceTree = "<group>"; };
		FCD44E641AF88AC200F18D35 /* EventHandler.app */ = {isa = PBXFileReference; explicitFileType = wrapper.application; includeInIndex = 0; path = EventHandler.app; sourceTree = BUILT_PRODUCTS_DIR; };
		FCD44E681AF88AC200F18D35 /* Info.plist */ = {isa = PBXFileReference; lastKnownFileType = text.plist.xml; path = Info.plist; sourceTree = "<group>"; };
		FCD44E691AF88AC200F18D35 /* AppDelegate.swift */ = {isa = PBXFileReference; lastKnownFileType = sourcecode.swift; path = AppDelegate.swift; sourceTree = "<group>"; };
		FCD44E6B1AF88AC200F18D35 /* ViewController.swift */ = {isa = PBXFileReference; lastKnownFileType = sourcecode.swift; path = ViewController.swift; sourceTree = "<group>"; };
		FCD44E6E1AF88AC200F18D35 /* Base */ = {isa = PBXFileReference; lastKnownFileType = file.storyboard; name = Base; path = Base.lproj/Main.storyboard; sourceTree = "<group>"; };
		FCD44E701AF88AC200F18D35 /* Images.xcassets */ = {isa = PBXFileReference; lastKnownFileType = folder.assetcatalog; path = Images.xcassets; sourceTree = "<group>"; };
		FCD44E731AF88AC200F18D35 /* Base */ = {isa = PBXFileReference; lastKnownFileType = file.xib; name = Base; path = Base.lproj/LaunchScreen.xib; sourceTree = "<group>"; };
		FCD44E791AF88AC200F18D35 /* EventHandlerTests.xctest */ = {isa = PBXFileReference; explicitFileType = wrapper.cfbundle; includeInIndex = 0; path = EventHandlerTests.xctest; sourceTree = BUILT_PRODUCTS_DIR; };
		FCD44E7E1AF88AC200F18D35 /* Info.plist */ = {isa = PBXFileReference; lastKnownFileType = text.plist.xml; path = Info.plist; sourceTree = "<group>"; };
		FCD44E7F1AF88AC200F18D35 /* EventHandlerTests.swift */ = {isa = PBXFileReference; lastKnownFileType = sourcecode.swift; path = EventHandlerTests.swift; sourceTree = "<group>"; };
		FCD44E891AF88C0E00F18D35 /* User.swift */ = {isa = PBXFileReference; fileEncoding = 4; lastKnownFileType = sourcecode.swift; path = User.swift; sourceTree = "<group>"; };
		FCD44E8F1AF8903D00F18D35 /* Location.swift */ = {isa = PBXFileReference; fileEncoding = 4; lastKnownFileType = sourcecode.swift; path = Location.swift; sourceTree = "<group>"; };
		FCD44E911AF8964400F18D35 /* Event.swift */ = {isa = PBXFileReference; fileEncoding = 4; lastKnownFileType = sourcecode.swift; path = Event.swift; sourceTree = "<group>"; };
		FCD44E931AFC2F1E00F18D35 /* Map.swift */ = {isa = PBXFileReference; fileEncoding = 4; lastKnownFileType = sourcecode.swift; path = Map.swift; sourceTree = "<group>"; };
		FCD44E951AFC8E0E00F18D35 /* Forum.swift */ = {isa = PBXFileReference; fileEncoding = 4; lastKnownFileType = sourcecode.swift; path = Forum.swift; sourceTree = "<group>"; };
		FCD44E971AFC901400F18D35 /* Comment.swift */ = {isa = PBXFileReference; fileEncoding = 4; lastKnownFileType = sourcecode.swift; path = Comment.swift; sourceTree = "<group>"; };
/* End PBXFileReference section */

/* Begin PBXFrameworksBuildPhase section */
		FCD44E611AF88AC200F18D35 /* Frameworks */ = {
			isa = PBXFrameworksBuildPhase;
			buildActionMask = 2147483647;
			files = (
			);
			runOnlyForDeploymentPostprocessing = 0;
		};
		FCD44E761AF88AC200F18D35 /* Frameworks */ = {
			isa = PBXFrameworksBuildPhase;
			buildActionMask = 2147483647;
			files = (
			);
			runOnlyForDeploymentPostprocessing = 0;
		};
/* End PBXFrameworksBuildPhase section */

/* Begin PBXGroup section */
		FCD44E5B1AF88AC200F18D35 = {
			isa = PBXGroup;
			children = (
				FCD44E661AF88AC200F18D35 /* EventHandler */,
				FCD44E7C1AF88AC200F18D35 /* EventHandlerTests */,
				FCD44E651AF88AC200F18D35 /* Products */,
			);
			sourceTree = "<group>";
		};
		FCD44E651AF88AC200F18D35 /* Products */ = {
			isa = PBXGroup;
			children = (
				FCD44E641AF88AC200F18D35 /* EventHandler.app */,
				FCD44E791AF88AC200F18D35 /* EventHandlerTests.xctest */,
			);
			name = Products;
			sourceTree = "<group>";
		};
		FCD44E661AF88AC200F18D35 /* EventHandler */ = {
			isa = PBXGroup;
			children = (
				59104F181B069EAB00AE00B2 /* DateTime.swift */,
				59ED426B1B069AF500B23B9C /* Database.swift */,
				FCD44E971AFC901400F18D35 /* Comment.swift */,
				FCD44E951AFC8E0E00F18D35 /* Forum.swift */,
				FCD44E931AFC2F1E00F18D35 /* Map.swift */,
				FCD44E911AF8964400F18D35 /* Event.swift */,
				FCD44E8F1AF8903D00F18D35 /* Location.swift */,
				FCD44E891AF88C0E00F18D35 /* User.swift */,
				FCD44E691AF88AC200F18D35 /* AppDelegate.swift */,
				591F4DD81B1986CF0022B675 /* loginView.swift */,
				AD0799261B1A20EA001211D3 /* mainTabView.swift */,
				FCD44E6B1AF88AC200F18D35 /* ViewController.swift */,
				FC92C6841B17DE8800B0B2CE /* CreateEventViewController.swift */,
				FCD127101B0D5F4500C366B0 /* EventTableTableViewController.swift */,
				FC64B4EC1B1A711C003135AD /* EventDetailViewController.swift */,
				591F4DDA1B1990760022B675 /* profileView.swift */,
				FCD44E6D1AF88AC200F18D35 /* Main.storyboard */,
				ADD6D7281AF98C4C00A67045 /* mapView.swift */,
				FCD44E701AF88AC200F18D35 /* Images.xcassets */,
				FCD44E721AF88AC200F18D35 /* LaunchScreen.xib */,
				FCD44E671AF88AC200F18D35 /* Supporting Files */,
			);
			path = EventHandler;
			sourceTree = "<group>";
		};
		FCD44E671AF88AC200F18D35 /* Supporting Files */ = {
			isa = PBXGroup;
			children = (
				591F4DC61B1982B10022B675 /* listButton.png */,
				591F4DC71B1982B10022B675 /* listButton@2x.png */,
				591F4DC81B1982B10022B675 /* listButton@3x.png */,
				591F4DC91B1982B10022B675 /* mapButton.png */,
				591F4DCA1B1982B10022B675 /* mapButton@2x.png */,
				591F4DCB1B1982B10022B675 /* mapButton@3x.png */,
				591F4DCC1B1982B10022B675 /* profileButton.png */,
				591F4DCD1B1982B10022B675 /* profileButton@2x.png */,
				591F4DCE1B1982B10022B675 /* profileButton@3x.png */,
				FCD44E681AF88AC200F18D35 /* Info.plist */,
			);
			name = "Supporting Files";
			sourceTree = "<group>";
		};
		FCD44E7C1AF88AC200F18D35 /* EventHandlerTests */ = {
			isa = PBXGroup;
			children = (
				FCD44E7F1AF88AC200F18D35 /* EventHandlerTests.swift */,
				FCD44E7D1AF88AC200F18D35 /* Supporting Files */,
			);
			path = EventHandlerTests;
			sourceTree = "<group>";
		};
		FCD44E7D1AF88AC200F18D35 /* Supporting Files */ = {
			isa = PBXGroup;
			children = (
				FCD44E7E1AF88AC200F18D35 /* Info.plist */,
			);
			name = "Supporting Files";
			sourceTree = "<group>";
		};
/* End PBXGroup section */

/* Begin PBXNativeTarget section */
		FCD44E631AF88AC200F18D35 /* EventHandler */ = {
			isa = PBXNativeTarget;
			buildConfigurationList = FCD44E831AF88AC200F18D35 /* Build configuration list for PBXNativeTarget "EventHandler" */;
			buildPhases = (
				FCD44E601AF88AC200F18D35 /* Sources */,
				FCD44E611AF88AC200F18D35 /* Frameworks */,
				FCD44E621AF88AC200F18D35 /* Resources */,
			);
			buildRules = (
			);
			dependencies = (
			);
			name = EventHandler;
			productName = EventHandler;
			productReference = FCD44E641AF88AC200F18D35 /* EventHandler.app */;
			productType = "com.apple.product-type.application";
		};
		FCD44E781AF88AC200F18D35 /* EventHandlerTests */ = {
			isa = PBXNativeTarget;
			buildConfigurationList = FCD44E861AF88AC200F18D35 /* Build configuration list for PBXNativeTarget "EventHandlerTests" */;
			buildPhases = (
				FCD44E751AF88AC200F18D35 /* Sources */,
				FCD44E761AF88AC200F18D35 /* Frameworks */,
				FCD44E771AF88AC200F18D35 /* Resources */,
			);
			buildRules = (
			);
			dependencies = (
				FCD44E7B1AF88AC200F18D35 /* PBXTargetDependency */,
			);
			name = EventHandlerTests;
			productName = EventHandlerTests;
			productReference = FCD44E791AF88AC200F18D35 /* EventHandlerTests.xctest */;
			productType = "com.apple.product-type.bundle.unit-test";
		};
/* End PBXNativeTarget section */

/* Begin PBXProject section */
		FCD44E5C1AF88AC200F18D35 /* Project object */ = {
			isa = PBXProject;
			attributes = {
				LastUpgradeCheck = 0620;
				ORGANIZATIONNAME = "Wade Wilkey";
				TargetAttributes = {
					FCD44E631AF88AC200F18D35 = {
						CreatedOnToolsVersion = 6.2;
						DevelopmentTeam = 2K66VLFQ4G;
					};
					FCD44E781AF88AC200F18D35 = {
						CreatedOnToolsVersion = 6.2;
						TestTargetID = FCD44E631AF88AC200F18D35;
					};
				};
			};
			buildConfigurationList = FCD44E5F1AF88AC200F18D35 /* Build configuration list for PBXProject "EventHandler" */;
			compatibilityVersion = "Xcode 3.2";
			developmentRegion = English;
			hasScannedForEncodings = 0;
			knownRegions = (
				en,
				Base,
			);
			mainGroup = FCD44E5B1AF88AC200F18D35;
			productRefGroup = FCD44E651AF88AC200F18D35 /* Products */;
			projectDirPath = "";
			projectRoot = "";
			targets = (
				FCD44E631AF88AC200F18D35 /* EventHandler */,
				FCD44E781AF88AC200F18D35 /* EventHandlerTests */,
			);
		};
/* End PBXProject section */

/* Begin PBXResourcesBuildPhase section */
		FCD44E621AF88AC200F18D35 /* Resources */ = {
			isa = PBXResourcesBuildPhase;
			buildActionMask = 2147483647;
			files = (
				FCD44E6F1AF88AC200F18D35 /* Main.storyboard in Resources */,
				591F4DD11B1982B10022B675 /* listButton@3x.png in Resources */,
				591F4DCF1B1982B10022B675 /* listButton.png in Resources */,
				591F4DD71B1982B10022B675 /* profileButton@3x.png in Resources */,
				FCD44E741AF88AC200F18D35 /* LaunchScreen.xib in Resources */,
				591F4DD61B1982B10022B675 /* profileButton@2x.png in Resources */,
				591F4DD01B1982B10022B675 /* listButton@2x.png in Resources */,
				591F4DD41B1982B10022B675 /* mapButton@3x.png in Resources */,
				591F4DD21B1982B10022B675 /* mapButton.png in Resources */,
				591F4DD51B1982B10022B675 /* profileButton.png in Resources */,
				FCD44E711AF88AC200F18D35 /* Images.xcassets in Resources */,
				591F4DD31B1982B10022B675 /* mapButton@2x.png in Resources */,
			);
			runOnlyForDeploymentPostprocessing = 0;
		};
		FCD44E771AF88AC200F18D35 /* Resources */ = {
			isa = PBXResourcesBuildPhase;
			buildActionMask = 2147483647;
			files = (
			);
			runOnlyForDeploymentPostprocessing = 0;
		};
/* End PBXResourcesBuildPhase section */

/* Begin PBXSourcesBuildPhase section */
		FCD44E601AF88AC200F18D35 /* Sources */ = {
			isa = PBXSourcesBuildPhase;
			buildActionMask = 2147483647;
			files = (
				FCD44E6C1AF88AC200F18D35 /* ViewController.swift in Sources */,
				ADD6D7291AF98C4C00A67045 /* mapView.swift in Sources */,
				591F4DDB1B1990760022B675 /* profileView.swift in Sources */,
				AD0799271B1A20EA001211D3 /* mainTabView.swift in Sources */,
				591F4DD91B1986CF0022B675 /* loginView.swift in Sources */,
				FCD44E6A1AF88AC200F18D35 /* AppDelegate.swift in Sources */,
				FCD44E941AFC2F1E00F18D35 /* Map.swift in Sources */,
				FCD44E901AF8903D00F18D35 /* Location.swift in Sources */,
				FCD44E921AF8964400F18D35 /* Event.swift in Sources */,
				FC92C6851B17DE8800B0B2CE /* CreateEventViewController.swift in Sources */,
				FCD44E8A1AF88C0E00F18D35 /* User.swift in Sources */,
				FCD44E981AFC901400F18D35 /* Comment.swift in Sources */,
				59ED426C1B069AF500B23B9C /* Database.swift in Sources */,
				FCD44E961AFC8E0E00F18D35 /* Forum.swift in Sources */,
				59104F191B069EAB00AE00B2 /* DateTime.swift in Sources */,
				FC64B4ED1B1A711C003135AD /* EventDetailViewController.swift in Sources */,
				FCD127111B0D5F4500C366B0 /* EventTableTableViewController.swift in Sources */,
			);
			runOnlyForDeploymentPostprocessing = 0;
		};
		FCD44E751AF88AC200F18D35 /* Sources */ = {
			isa = PBXSourcesBuildPhase;
			buildActionMask = 2147483647;
			files = (
				FCD44E801AF88AC200F18D35 /* EventHandlerTests.swift in Sources */,
			);
			runOnlyForDeploymentPostprocessing = 0;
		};
/* End PBXSourcesBuildPhase section */

/* Begin PBXTargetDependency section */
		FCD44E7B1AF88AC200F18D35 /* PBXTargetDependency */ = {
			isa = PBXTargetDependency;
			target = FCD44E631AF88AC200F18D35 /* EventHandler */;
			targetProxy = FCD44E7A1AF88AC200F18D35 /* PBXContainerItemProxy */;
		};
/* End PBXTargetDependency section */

/* Begin PBXVariantGroup section */
		FCD44E6D1AF88AC200F18D35 /* Main.storyboard */ = {
			isa = PBXVariantGroup;
			children = (
				FCD44E6E1AF88AC200F18D35 /* Base */,
			);
			name = Main.storyboard;
			sourceTree = "<group>";
		};
		FCD44E721AF88AC200F18D35 /* LaunchScreen.xib */ = {
			isa = PBXVariantGroup;
			children = (
				FCD44E731AF88AC200F18D35 /* Base */,
			);
			name = LaunchScreen.xib;
			sourceTree = "<group>";
		};
/* End PBXVariantGroup section */

/* Begin XCBuildConfiguration section */
		FCD44E811AF88AC200F18D35 /* Debug */ = {
			isa = XCBuildConfiguration;
			buildSettings = {
				ALWAYS_SEARCH_USER_PATHS = NO;
				CLANG_CXX_LANGUAGE_STANDARD = "gnu++0x";
				CLANG_CXX_LIBRARY = "libc++";
				CLANG_ENABLE_MODULES = YES;
				CLANG_ENABLE_OBJC_ARC = YES;
				CLANG_WARN_BOOL_CONVERSION = YES;
				CLANG_WARN_CONSTANT_CONVERSION = YES;
				CLANG_WARN_DIRECT_OBJC_ISA_USAGE = YES_ERROR;
				CLANG_WARN_EMPTY_BODY = YES;
				CLANG_WARN_ENUM_CONVERSION = YES;
				CLANG_WARN_INT_CONVERSION = YES;
				CLANG_WARN_OBJC_ROOT_CLASS = YES_ERROR;
				CLANG_WARN_UNREACHABLE_CODE = YES;
				CLANG_WARN__DUPLICATE_METHOD_MATCH = YES;
				"CODE_SIGN_IDENTITY[sdk=iphoneos*]" = "iPhone Developer";
				COPY_PHASE_STRIP = NO;
				ENABLE_STRICT_OBJC_MSGSEND = YES;
				GCC_C_LANGUAGE_STANDARD = gnu99;
				GCC_DYNAMIC_NO_PIC = NO;
				GCC_OPTIMIZATION_LEVEL = 0;
				GCC_PREPROCESSOR_DEFINITIONS = (
					"DEBUG=1",
					"$(inherited)",
				);
				GCC_SYMBOLS_PRIVATE_EXTERN = NO;
				GCC_WARN_64_TO_32_BIT_CONVERSION = YES;
				GCC_WARN_ABOUT_RETURN_TYPE = YES_ERROR;
				GCC_WARN_UNDECLARED_SELECTOR = YES;
				GCC_WARN_UNINITIALIZED_AUTOS = YES_AGGRESSIVE;
				GCC_WARN_UNUSED_FUNCTION = YES;
				GCC_WARN_UNUSED_VARIABLE = YES;
				IPHONEOS_DEPLOYMENT_TARGET = 8.2;
				MTL_ENABLE_DEBUG_INFO = YES;
				ONLY_ACTIVE_ARCH = YES;
				SDKROOT = iphoneos;
				SWIFT_OPTIMIZATION_LEVEL = "-Onone";
				TARGETED_DEVICE_FAMILY = "1,2";
			};
			name = Debug;
		};
		FCD44E821AF88AC200F18D35 /* Release */ = {
			isa = XCBuildConfiguration;
			buildSettings = {
				ALWAYS_SEARCH_USER_PATHS = NO;
				CLANG_CXX_LANGUAGE_STANDARD = "gnu++0x";
				CLANG_CXX_LIBRARY = "libc++";
				CLANG_ENABLE_MODULES = YES;
				CLANG_ENABLE_OBJC_ARC = YES;
				CLANG_WARN_BOOL_CONVERSION = YES;
				CLANG_WARN_CONSTANT_CONVERSION = YES;
				CLANG_WARN_DIRECT_OBJC_ISA_USAGE = YES_ERROR;
				CLANG_WARN_EMPTY_BODY = YES;
				CLANG_WARN_ENUM_CONVERSION = YES;
				CLANG_WARN_INT_CONVERSION = YES;
				CLANG_WARN_OBJC_ROOT_CLASS = YES_ERROR;
				CLANG_WARN_UNREACHABLE_CODE = YES;
				CLANG_WARN__DUPLICATE_METHOD_MATCH = YES;
				"CODE_SIGN_IDENTITY[sdk=iphoneos*]" = "iPhone Developer";
				COPY_PHASE_STRIP = NO;
				ENABLE_NS_ASSERTIONS = NO;
				ENABLE_STRICT_OBJC_MSGSEND = YES;
				GCC_C_LANGUAGE_STANDARD = gnu99;
				GCC_WARN_64_TO_32_BIT_CONVERSION = YES;
				GCC_WARN_ABOUT_RETURN_TYPE = YES_ERROR;
				GCC_WARN_UNDECLARED_SELECTOR = YES;
				GCC_WARN_UNINITIALIZED_AUTOS = YES_AGGRESSIVE;
				GCC_WARN_UNUSED_FUNCTION = YES;
				GCC_WARN_UNUSED_VARIABLE = YES;
				IPHONEOS_DEPLOYMENT_TARGET = 8.2;
				MTL_ENABLE_DEBUG_INFO = NO;
				SDKROOT = iphoneos;
				TARGETED_DEVICE_FAMILY = "1,2";
				VALIDATE_PRODUCT = YES;
			};
			name = Release;
		};
		FCD44E841AF88AC200F18D35 /* Debug */ = {
			isa = XCBuildConfiguration;
			buildSettings = {
				ASSETCATALOG_COMPILER_APPICON_NAME = AppIcon;
				CODE_SIGN_IDENTITY = "iPhone Developer";
				"CODE_SIGN_IDENTITY[sdk=iphoneos*]" = "iPhone Developer";
				INFOPLIST_FILE = EventHandler/Info.plist;
				LD_RUNPATH_SEARCH_PATHS = "$(inherited) @executable_path/Frameworks";
				PRODUCT_NAME = "$(TARGET_NAME)";
				PROVISIONING_PROFILE = "";
			};
			name = Debug;
		};
		FCD44E851AF88AC200F18D35 /* Release */ = {
			isa = XCBuildConfiguration;
			buildSettings = {
				ASSETCATALOG_COMPILER_APPICON_NAME = AppIcon;
				CODE_SIGN_IDENTITY = "iPhone Developer";
				"CODE_SIGN_IDENTITY[sdk=iphoneos*]" = "iPhone Developer";
				INFOPLIST_FILE = EventHandler/Info.plist;
				LD_RUNPATH_SEARCH_PATHS = "$(inherited) @executable_path/Frameworks";
				PRODUCT_NAME = "$(TARGET_NAME)";
				PROVISIONING_PROFILE = "";
			};
			name = Release;
		};
		FCD44E871AF88AC200F18D35 /* Debug */ = {
			isa = XCBuildConfiguration;
			buildSettings = {
				BUNDLE_LOADER = "$(TEST_HOST)";
				FRAMEWORK_SEARCH_PATHS = (
					"$(SDKROOT)/Developer/Library/Frameworks",
					"$(inherited)",
				);
				GCC_PREPROCESSOR_DEFINITIONS = (
					"DEBUG=1",
					"$(inherited)",
				);
				INFOPLIST_FILE = EventHandlerTests/Info.plist;
				LD_RUNPATH_SEARCH_PATHS = "$(inherited) @executable_path/Frameworks @loader_path/Frameworks";
				PRODUCT_NAME = "$(TARGET_NAME)";
				TEST_HOST = "$(BUILT_PRODUCTS_DIR)/EventHandler.app/EventHandler";
			};
			name = Debug;
		};
		FCD44E881AF88AC200F18D35 /* Release */ = {
			isa = XCBuildConfiguration;
			buildSettings = {
				BUNDLE_LOADER = "$(TEST_HOST)";
				FRAMEWORK_SEARCH_PATHS = (
					"$(SDKROOT)/Developer/Library/Frameworks",
					"$(inherited)",
				);
				INFOPLIST_FILE = EventHandlerTests/Info.plist;
				LD_RUNPATH_SEARCH_PATHS = "$(inherited) @executable_path/Frameworks @loader_path/Frameworks";
				PRODUCT_NAME = "$(TARGET_NAME)";
				TEST_HOST = "$(BUILT_PRODUCTS_DIR)/EventHandler.app/EventHandler";
			};
			name = Release;
		};
/* End XCBuildConfiguration section */

/* Begin XCConfigurationList section */
		FCD44E5F1AF88AC200F18D35 /* Build configuration list for PBXProject "EventHandler" */ = {
			isa = XCConfigurationList;
			buildConfigurations = (
				FCD44E811AF88AC200F18D35 /* Debug */,
				FCD44E821AF88AC200F18D35 /* Release */,
			);
			defaultConfigurationIsVisible = 0;
			defaultConfigurationName = Release;
		};
		FCD44E831AF88AC200F18D35 /* Build configuration list for PBXNativeTarget "EventHandler" */ = {
			isa = XCConfigurationList;
			buildConfigurations = (
				FCD44E841AF88AC200F18D35 /* Debug */,
				FCD44E851AF88AC200F18D35 /* Release */,
			);
			defaultConfigurationIsVisible = 0;
			defaultConfigurationName = Release;
		};
		FCD44E861AF88AC200F18D35 /* Build configuration list for PBXNativeTarget "EventHandlerTests" */ = {
			isa = XCConfigurationList;
			buildConfigurations = (
				FCD44E871AF88AC200F18D35 /* Debug */,
				FCD44E881AF88AC200F18D35 /* Release */,
			);
			defaultConfigurationIsVisible = 0;
			defaultConfigurationName = Release;
		};
/* End XCConfigurationList section */
	};
	rootObject = FCD44E5C1AF88AC200F18D35 /* Project object */;
}
